
Microsoft Visual Studio Solution File, Format Version 11.00
# Visual Studio 2010
Project("{F184B08F-C81C-45F6-A57F-5ABD9991F28F}") = "TP_AlgoConvDuree", "TP_AlgoConvDuree\TP_AlgoConvDuree.vbproj", "{0DF5DE0B-741B-4C35-81F5-C548D3AC3E53}"
EndProject
Global
	GlobalSection(SolutionConfigurationPlatforms) = preSolution
		Debug|x86 = Debug|x86
		Release|x86 = Release|x86
	EndGlobalSection
	GlobalSection(ProjectConfigurationPlatforms) = postSolution
		{0DF5DE0B-741B-4C35-81F5-C548D3AC3E53}.Debug|x86.ActiveCfg = Release|x86
		{0DF5DE0B-741B-4C35-81F5-C548D3AC3E53}.Debug|x86.Build.0 = Release|x86
		{0DF5DE0B-741B-4C35-81F5-C548D3AC3E53}.Release|x86.ActiveCfg = Release|x86
		{0DF5DE0B-741B-4C35-81F5-C548D3AC3E53}.Release|x86.Build.0 = Release|x86
	EndGlobalSection
	GlobalSection(SolutionProperties) = preSolution
		HideSolutionNode = FALSE
	EndGlobalSection
EndGlobal
