
Microsoft Visual Studio Solution File, Format Version 10.00
# Visual Studio 2008
Project("{F184B08F-C81C-45F6-A57F-5ABD9991F28F}") = "Parité", "Parité\Parité.vbproj", "{4348FB1E-4A0D-4914-AD01-DF990F4D297C}"
EndProject
Global
	GlobalSection(SolutionConfigurationPlatforms) = preSolution
		Debug|Any CPU = Debug|Any CPU
		Release|Any CPU = Release|Any CPU
	EndGlobalSection
	GlobalSection(ProjectConfigurationPlatforms) = postSolution
		{4348FB1E-4A0D-4914-AD01-DF990F4D297C}.Debug|Any CPU.ActiveCfg = Debug|Any CPU
		{4348FB1E-4A0D-4914-AD01-DF990F4D297C}.Debug|Any CPU.Build.0 = Debug|Any CPU
		{4348FB1E-4A0D-4914-AD01-DF990F4D297C}.Release|Any CPU.ActiveCfg = Release|Any CPU
		{4348FB1E-4A0D-4914-AD01-DF990F4D297C}.Release|Any CPU.Build.0 = Release|Any CPU
	EndGlobalSection
	GlobalSection(SolutionProperties) = preSolution
		HideSolutionNode = FALSE
	EndGlobalSection
EndGlobal
